// !$*UTF8*$!
{
	archiveVersion = 1;
	classes = {
	};
	objectVersion = 55;
	objects = {

/* Begin PBXBuildFile section */
		AD471C5728AEB78C006289A6 /* RatingControl.swift in Sources */ = {isa = PBXBuildFile; fileRef = AD471C5628AEB78C006289A6 /* RatingControl.swift */; };
		AD99D0D628A950FD00EC93EC /* AppDelegate.swift in Sources */ = {isa = PBXBuildFile; fileRef = AD99D0D528A950FD00EC93EC /* AppDelegate.swift */; };
		AD99D0D828A950FD00EC93EC /* SceneDelegate.swift in Sources */ = {isa = PBXBuildFile; fileRef = AD99D0D728A950FD00EC93EC /* SceneDelegate.swift */; };
		AD99D0DA28A950FD00EC93EC /* MainViewController.swift in Sources */ = {isa = PBXBuildFile; fileRef = AD99D0D928A950FD00EC93EC /* MainViewController.swift */; };
		AD99D0DD28A950FD00EC93EC /* Main.storyboard in Resources */ = {isa = PBXBuildFile; fileRef = AD99D0DB28A950FD00EC93EC /* Main.storyboard */; };
		AD99D0DF28A950FE00EC93EC /* Assets.xcassets in Resources */ = {isa = PBXBuildFile; fileRef = AD99D0DE28A950FE00EC93EC /* Assets.xcassets */; };
		AD99D0E228A950FE00EC93EC /* LaunchScreen.storyboard in Resources */ = {isa = PBXBuildFile; fileRef = AD99D0E028A950FE00EC93EC /* LaunchScreen.storyboard */; };
		AD99D0EA28A95DBA00EC93EC /* CustomTableViewCell.swift in Sources */ = {isa = PBXBuildFile; fileRef = AD99D0E928A95DB900EC93EC /* CustomTableViewCell.swift */; };
		AD99D0EC28A9637F00EC93EC /* PlaceModel.swift in Sources */ = {isa = PBXBuildFile; fileRef = AD99D0EB28A9637F00EC93EC /* PlaceModel.swift */; };
		AD99D0EE28A96FE400EC93EC /* NewPlaceViewController.swift in Sources */ = {isa = PBXBuildFile; fileRef = AD99D0ED28A96FE400EC93EC /* NewPlaceViewController.swift */; };
		ADA7D26A28B0004300DC7C43 /* MapViewController.swift in Sources */ = {isa = PBXBuildFile; fileRef = ADA7D26928B0004300DC7C43 /* MapViewController.swift */; };
		ADF30C1D28AA7FEA00AA75B1 /* Realm in Frameworks */ = {isa = PBXBuildFile; productRef = ADF30C1C28AA7FEA00AA75B1 /* Realm */; };
		ADF30C1F28AA7FEA00AA75B1 /* RealmSwift in Frameworks */ = {isa = PBXBuildFile; productRef = ADF30C1E28AA7FEA00AA75B1 /* RealmSwift */; };
		ADF30C2128AA82B700AA75B1 /* StorageManager.swift in Sources */ = {isa = PBXBuildFile; fileRef = ADF30C2028AA82B700AA75B1 /* StorageManager.swift */; };
		ADFBC07728B7EAA1009F9AD7 /* MapManager.swift in Sources */ = {isa = PBXBuildFile; fileRef = ADFBC07628B7EAA1009F9AD7 /* MapManager.swift */; };
/* End PBXBuildFile section */

/* Begin PBXFileReference section */
		AD471C5628AEB78C006289A6 /* RatingControl.swift */ = {isa = PBXFileReference; lastKnownFileType = sourcecode.swift; path = RatingControl.swift; sourceTree = "<group>"; };
		AD99D0D228A950FD00EC93EC /* MyFavoritePlace.app */ = {isa = PBXFileReference; explicitFileType = wrapper.application; includeInIndex = 0; path = MyFavoritePlace.app; sourceTree = BUILT_PRODUCTS_DIR; };
		AD99D0D528A950FD00EC93EC /* AppDelegate.swift */ = {isa = PBXFileReference; lastKnownFileType = sourcecode.swift; path = AppDelegate.swift; sourceTree = "<group>"; };
		AD99D0D728A950FD00EC93EC /* SceneDelegate.swift */ = {isa = PBXFileReference; lastKnownFileType = sourcecode.swift; path = SceneDelegate.swift; sourceTree = "<group>"; };
		AD99D0D928A950FD00EC93EC /* MainViewController.swift */ = {isa = PBXFileReference; lastKnownFileType = sourcecode.swift; path = MainViewController.swift; sourceTree = "<group>"; };
		AD99D0DC28A950FD00EC93EC /* Base */ = {isa = PBXFileReference; lastKnownFileType = file.storyboard; name = Base; path = Base.lproj/Main.storyboard; sourceTree = "<group>"; };
		AD99D0DE28A950FE00EC93EC /* Assets.xcassets */ = {isa = PBXFileReference; lastKnownFileType = folder.assetcatalog; path = Assets.xcassets; sourceTree = "<group>"; };
		AD99D0E128A950FE00EC93EC /* Base */ = {isa = PBXFileReference; lastKnownFileType = file.storyboard; name = Base; path = Base.lproj/LaunchScreen.storyboard; sourceTree = "<group>"; };
		AD99D0E328A950FE00EC93EC /* Info.plist */ = {isa = PBXFileReference; lastKnownFileType = text.plist.xml; path = Info.plist; sourceTree = "<group>"; };
		AD99D0E928A95DB900EC93EC /* CustomTableViewCell.swift */ = {isa = PBXFileReference; lastKnownFileType = sourcecode.swift; path = CustomTableViewCell.swift; sourceTree = "<group>"; };
		AD99D0EB28A9637F00EC93EC /* PlaceModel.swift */ = {isa = PBXFileReference; lastKnownFileType = sourcecode.swift; path = PlaceModel.swift; sourceTree = "<group>"; };
		AD99D0ED28A96FE400EC93EC /* NewPlaceViewController.swift */ = {isa = PBXFileReference; lastKnownFileType = sourcecode.swift; path = NewPlaceViewController.swift; sourceTree = "<group>"; };
		ADA7D26928B0004300DC7C43 /* MapViewController.swift */ = {isa = PBXFileReference; lastKnownFileType = sourcecode.swift; path = MapViewController.swift; sourceTree = "<group>"; };
		ADF30C2028AA82B700AA75B1 /* StorageManager.swift */ = {isa = PBXFileReference; lastKnownFileType = sourcecode.swift; path = StorageManager.swift; sourceTree = "<group>"; };
		ADFBC07628B7EAA1009F9AD7 /* MapManager.swift */ = {isa = PBXFileReference; lastKnownFileType = sourcecode.swift; path = MapManager.swift; sourceTree = "<group>"; };
/* End PBXFileReference section */

/* Begin PBXFrameworksBuildPhase section */
		AD99D0CF28A950FD00EC93EC /* Frameworks */ = {
			isa = PBXFrameworksBuildPhase;
			buildActionMask = 2147483647;
			files = (
				ADF30C1F28AA7FEA00AA75B1 /* RealmSwift in Frameworks */,
				ADF30C1D28AA7FEA00AA75B1 /* Realm in Frameworks */,
			);
			runOnlyForDeploymentPostprocessing = 0;
		};
/* End PBXFrameworksBuildPhase section */

/* Begin PBXGroup section */
		AD99D0C928A950FD00EC93EC = {
			isa = PBXGroup;
			children = (
				AD99D0D428A950FD00EC93EC /* MyFavoritePlace */,
				AD99D0D328A950FD00EC93EC /* Products */,
			);
			sourceTree = "<group>";
		};
		AD99D0D328A950FD00EC93EC /* Products */ = {
			isa = PBXGroup;
			children = (
				AD99D0D228A950FD00EC93EC /* MyFavoritePlace.app */,
			);
			name = Products;
			sourceTree = "<group>";
		};
		AD99D0D428A950FD00EC93EC /* MyFavoritePlace */ = {
			isa = PBXGroup;
			children = (
				ADFBC07828B7FAEB009F9AD7 /* ViewControllers */,
				ADFBC07A28B7FB17009F9AD7 /* Helpers */,
				ADFBC07928B7FB0A009F9AD7 /* Models */,
				ADFBC07B28B7FB44009F9AD7 /* Support Files */,
				ADFBC07C28B7FB75009F9AD7 /* IBuilder */,
			);
			path = MyFavoritePlace;
			sourceTree = "<group>";
		};
		ADFBC07828B7FAEB009F9AD7 /* ViewControllers */ = {
			isa = PBXGroup;
			children = (
				AD99D0D928A950FD00EC93EC /* MainViewController.swift */,
				AD99D0ED28A96FE400EC93EC /* NewPlaceViewController.swift */,
				ADA7D26928B0004300DC7C43 /* MapViewController.swift */,
				AD99D0E928A95DB900EC93EC /* CustomTableViewCell.swift */,
			);
			path = ViewControllers;
			sourceTree = "<group>";
		};
		ADFBC07928B7FB0A009F9AD7 /* Models */ = {
			isa = PBXGroup;
			children = (
				AD99D0EB28A9637F00EC93EC /* PlaceModel.swift */,
			);
			path = Models;
			sourceTree = "<group>";
		};
		ADFBC07A28B7FB17009F9AD7 /* Helpers */ = {
			isa = PBXGroup;
			children = (
				ADFBC07628B7EAA1009F9AD7 /* MapManager.swift */,
				ADF30C2028AA82B700AA75B1 /* StorageManager.swift */,
				AD471C5628AEB78C006289A6 /* RatingControl.swift */,
			);
			path = Helpers;
			sourceTree = "<group>";
		};
		ADFBC07B28B7FB44009F9AD7 /* Support Files */ = {
			isa = PBXGroup;
			children = (
				AD99D0D528A950FD00EC93EC /* AppDelegate.swift */,
				AD99D0D728A950FD00EC93EC /* SceneDelegate.swift */,
				AD99D0DE28A950FE00EC93EC /* Assets.xcassets */,
				AD99D0E328A950FE00EC93EC /* Info.plist */,
			);
			path = "Support Files";
			sourceTree = "<group>";
		};
		ADFBC07C28B7FB75009F9AD7 /* IBuilder */ = {
			isa = PBXGroup;
			children = (
				AD99D0DB28A950FD00EC93EC /* Main.storyboard */,
				AD99D0E028A950FE00EC93EC /* LaunchScreen.storyboard */,
			);
			path = IBuilder;
			sourceTree = "<group>";
		};
/* End PBXGroup section */

/* Begin PBXNativeTarget section */
		AD99D0D128A950FD00EC93EC /* MyFavoritePlace */ = {
			isa = PBXNativeTarget;
			buildConfigurationList = AD99D0E628A950FE00EC93EC /* Build configuration list for PBXNativeTarget "MyFavoritePlace" */;
			buildPhases = (
				AD99D0CE28A950FD00EC93EC /* Sources */,
				AD99D0CF28A950FD00EC93EC /* Frameworks */,
				AD99D0D028A950FD00EC93EC /* Resources */,
			);
			buildRules = (
			);
			dependencies = (
			);
			name = MyFavoritePlace;
			packageProductDependencies = (
				ADF30C1C28AA7FEA00AA75B1 /* Realm */,
				ADF30C1E28AA7FEA00AA75B1 /* RealmSwift */,
			);
			productName = MyFavoritePlace;
			productReference = AD99D0D228A950FD00EC93EC /* MyFavoritePlace.app */;
			productType = "com.apple.product-type.application";
		};
/* End PBXNativeTarget section */

/* Begin PBXProject section */
		AD99D0CA28A950FD00EC93EC /* Project object */ = {
			isa = PBXProject;
			attributes = {
				BuildIndependentTargetsInParallel = 1;
				LastSwiftUpdateCheck = 1340;
				LastUpgradeCheck = 1340;
				TargetAttributes = {
					AD99D0D128A950FD00EC93EC = {
						CreatedOnToolsVersion = 13.4.1;
					};
				};
			};
			buildConfigurationList = AD99D0CD28A950FD00EC93EC /* Build configuration list for PBXProject "MyFavoritePlace" */;
			compatibilityVersion = "Xcode 13.0";
			developmentRegion = en;
			hasScannedForEncodings = 0;
			knownRegions = (
				en,
				Base,
			);
			mainGroup = AD99D0C928A950FD00EC93EC;
			packageReferences = (
				ADF30C1B28AA7FEA00AA75B1 /* XCRemoteSwiftPackageReference "realm-swift" */,
			);
			productRefGroup = AD99D0D328A950FD00EC93EC /* Products */;
			projectDirPath = "";
			projectRoot = "";
			targets = (
				AD99D0D128A950FD00EC93EC /* MyFavoritePlace */,
			);
		};
/* End PBXProject section */

/* Begin PBXResourcesBuildPhase section */
		AD99D0D028A950FD00EC93EC /* Resources */ = {
			isa = PBXResourcesBuildPhase;
			buildActionMask = 2147483647;
			files = (
				AD99D0E228A950FE00EC93EC /* LaunchScreen.storyboard in Resources */,
				AD99D0DF28A950FE00EC93EC /* Assets.xcassets in Resources */,
				AD99D0DD28A950FD00EC93EC /* Main.storyboard in Resources */,
			);
			runOnlyForDeploymentPostprocessing = 0;
		};
/* End PBXResourcesBuildPhase section */

/* Begin PBXSourcesBuildPhase section */
		AD99D0CE28A950FD00EC93EC /* Sources */ = {
			isa = PBXSourcesBuildPhase;
			buildActionMask = 2147483647;
			files = (
				AD99D0DA28A950FD00EC93EC /* MainViewController.swift in Sources */,
				AD99D0EE28A96FE400EC93EC /* NewPlaceViewController.swift in Sources */,
				AD99D0D628A950FD00EC93EC /* AppDelegate.swift in Sources */,
				ADF30C2128AA82B700AA75B1 /* StorageManager.swift in Sources */,
				ADA7D26A28B0004300DC7C43 /* MapViewController.swift in Sources */,
				AD471C5728AEB78C006289A6 /* RatingControl.swift in Sources */,
				ADFBC07728B7EAA1009F9AD7 /* MapManager.swift in Sources */,
				AD99D0EC28A9637F00EC93EC /* PlaceModel.swift in Sources */,
				AD99D0EA28A95DBA00EC93EC /* CustomTableViewCell.swift in Sources */,
				AD99D0D828A950FD00EC93EC /* SceneDelegate.swift in Sources */,
			);
			runOnlyForDeploymentPostprocessing = 0;
		};
/* End PBXSourcesBuildPhase section */

/* Begin PBXVariantGroup section */
		AD99D0DB28A950FD00EC93EC /* Main.storyboard */ = {
			isa = PBXVariantGroup;
			children = (
				AD99D0DC28A950FD00EC93EC /* Base */,
			);
			name = Main.storyboard;
			sourceTree = "<group>";
		};
		AD99D0E028A950FE00EC93EC /* LaunchScreen.storyboard */ = {
			isa = PBXVariantGroup;
			children = (
				AD99D0E128A950FE00EC93EC /* Base */,
			);
			name = LaunchScreen.storyboard;
			sourceTree = "<group>";
		};
/* End PBXVariantGroup section */

/* Begin XCBuildConfiguration section */
		AD99D0E428A950FE00EC93EC /* Debug */ = {
			isa = XCBuildConfiguration;
			buildSettings = {
				ALWAYS_SEARCH_USER_PATHS = NO;
				CLANG_ANALYZER_NONNULL = YES;
				CLANG_ANALYZER_NUMBER_OBJECT_CONVERSION = YES_AGGRESSIVE;
				CLANG_CXX_LANGUAGE_STANDARD = "gnu++17";
				CLANG_ENABLE_MODULES = YES;
				CLANG_ENABLE_OBJC_ARC = YES;
				CLANG_ENABLE_OBJC_WEAK = YES;
				CLANG_WARN_BLOCK_CAPTURE_AUTORELEASING = YES;
				CLANG_WARN_BOOL_CONVERSION = YES;
				CLANG_WARN_COMMA = YES;
				CLANG_WARN_CONSTANT_CONVERSION = YES;
				CLANG_WARN_DEPRECATED_OBJC_IMPLEMENTATIONS = YES;
				CLANG_WARN_DIRECT_OBJC_ISA_USAGE = YES_ERROR;
				CLANG_WARN_DOCUMENTATION_COMMENTS = YES;
				CLANG_WARN_EMPTY_BODY = YES;
				CLANG_WARN_ENUM_CONVERSION = YES;
				CLANG_WARN_INFINITE_RECURSION = YES;
				CLANG_WARN_INT_CONVERSION = YES;
				CLANG_WARN_NON_LITERAL_NULL_CONVERSION = YES;
				CLANG_WARN_OBJC_IMPLICIT_RETAIN_SELF = YES;
				CLANG_WARN_OBJC_LITERAL_CONVERSION = YES;
				CLANG_WARN_OBJC_ROOT_CLASS = YES_ERROR;
				CLANG_WARN_QUOTED_INCLUDE_IN_FRAMEWORK_HEADER = YES;
				CLANG_WARN_RANGE_LOOP_ANALYSIS = YES;
				CLANG_WARN_STRICT_PROTOTYPES = YES;
				CLANG_WARN_SUSPICIOUS_MOVE = YES;
				CLANG_WARN_UNGUARDED_AVAILABILITY = YES_AGGRESSIVE;
				CLANG_WARN_UNREACHABLE_CODE = YES;
				CLANG_WARN__DUPLICATE_METHOD_MATCH = YES;
				COPY_PHASE_STRIP = NO;
				DEBUG_INFORMATION_FORMAT = dwarf;
				ENABLE_STRICT_OBJC_MSGSEND = YES;
				ENABLE_TESTABILITY = YES;
				GCC_C_LANGUAGE_STANDARD = gnu11;
				GCC_DYNAMIC_NO_PIC = NO;
				GCC_NO_COMMON_BLOCKS = YES;
				GCC_OPTIMIZATION_LEVEL = 0;
				GCC_PREPROCESSOR_DEFINITIONS = (
					"DEBUG=1",
					"$(inherited)",
				);
				GCC_WARN_64_TO_32_BIT_CONVERSION = YES;
				GCC_WARN_ABOUT_RETURN_TYPE = YES_ERROR;
				GCC_WARN_UNDECLARED_SELECTOR = YES;
				GCC_WARN_UNINITIALIZED_AUTOS = YES_AGGRESSIVE;
				GCC_WARN_UNUSED_FUNCTION = YES;
				GCC_WARN_UNUSED_VARIABLE = YES;
				IPHONEOS_DEPLOYMENT_TARGET = 15.5;
				MTL_ENABLE_DEBUG_INFO = INCLUDE_SOURCE;
				MTL_FAST_MATH = YES;
				ONLY_ACTIVE_ARCH = YES;
				SDKROOT = iphoneos;
				SWIFT_ACTIVE_COMPILATION_CONDITIONS = DEBUG;
				SWIFT_OPTIMIZATION_LEVEL = "-Onone";
			};
			name = Debug;
		};
		AD99D0E528A950FE00EC93EC /* Release */ = {
			isa = XCBuildConfiguration;
			buildSettings = {
				ALWAYS_SEARCH_USER_PATHS = NO;
				CLANG_ANALYZER_NONNULL = YES;
				CLANG_ANALYZER_NUMBER_OBJECT_CONVERSION = YES_AGGRESSIVE;
				CLANG_CXX_LANGUAGE_STANDARD = "gnu++17";
				CLANG_ENABLE_MODULES = YES;
				CLANG_ENABLE_OBJC_ARC = YES;
				CLANG_ENABLE_OBJC_WEAK = YES;
				CLANG_WARN_BLOCK_CAPTURE_AUTORELEASING = YES;
				CLANG_WARN_BOOL_CONVERSION = YES;
				CLANG_WARN_COMMA = YES;
				CLANG_WARN_CONSTANT_CONVERSION = YES;
				CLANG_WARN_DEPRECATED_OBJC_IMPLEMENTATIONS = YES;
				CLANG_WARN_DIRECT_OBJC_ISA_USAGE = YES_ERROR;
				CLANG_WARN_DOCUMENTATION_COMMENTS = YES;
				CLANG_WARN_EMPTY_BODY = YES;
				CLANG_WARN_ENUM_CONVERSION = YES;
				CLANG_WARN_INFINITE_RECURSION = YES;
				CLANG_WARN_INT_CONVERSION = YES;
				CLANG_WARN_NON_LITERAL_NULL_CONVERSION = YES;
				CLANG_WARN_OBJC_IMPLICIT_RETAIN_SELF = YES;
				CLANG_WARN_OBJC_LITERAL_CONVERSION = YES;
				CLANG_WARN_OBJC_ROOT_CLASS = YES_ERROR;
				CLANG_WARN_QUOTED_INCLUDE_IN_FRAMEWORK_HEADER = YES;
				CLANG_WARN_RANGE_LOOP_ANALYSIS = YES;
				CLANG_WARN_STRICT_PROTOTYPES = YES;
				CLANG_WARN_SUSPICIOUS_MOVE = YES;
				CLANG_WARN_UNGUARDED_AVAILABILITY = YES_AGGRESSIVE;
				CLANG_WARN_UNREACHABLE_CODE = YES;
				CLANG_WARN__DUPLICATE_METHOD_MATCH = YES;
				COPY_PHASE_STRIP = NO;
				DEBUG_INFORMATION_FORMAT = "dwarf-with-dsym";
				ENABLE_NS_ASSERTIONS = NO;
				ENABLE_STRICT_OBJC_MSGSEND = YES;
				GCC_C_LANGUAGE_STANDARD = gnu11;
				GCC_NO_COMMON_BLOCKS = YES;
				GCC_WARN_64_TO_32_BIT_CONVERSION = YES;
				GCC_WARN_ABOUT_RETURN_TYPE = YES_ERROR;
				GCC_WARN_UNDECLARED_SELECTOR = YES;
				GCC_WARN_UNINITIALIZED_AUTOS = YES_AGGRESSIVE;
				GCC_WARN_UNUSED_FUNCTION = YES;
				GCC_WARN_UNUSED_VARIABLE = YES;
				IPHONEOS_DEPLOYMENT_TARGET = 15.5;
				MTL_ENABLE_DEBUG_INFO = NO;
				MTL_FAST_MATH = YES;
				SDKROOT = iphoneos;
				SWIFT_COMPILATION_MODE = wholemodule;
				SWIFT_OPTIMIZATION_LEVEL = "-O";
				VALIDATE_PRODUCT = YES;
			};
			name = Release;
		};
		AD99D0E728A950FE00EC93EC /* Debug */ = {
			isa = XCBuildConfiguration;
			buildSettings = {
				ASSETCATALOG_COMPILER_APPICON_NAME = AppIcon;
				ASSETCATALOG_COMPILER_GLOBAL_ACCENT_COLOR_NAME = AccentColor;
				CODE_SIGN_STYLE = Automatic;
				CURRENT_PROJECT_VERSION = 1;
				DEVELOPMENT_TEAM = JPSP84G8W5;
				GENERATE_INFOPLIST_FILE = YES;
				INFOPLIST_FILE = "MyFavoritePlace/Support Files/Info.plist";
				INFOPLIST_KEY_UIApplicationSupportsIndirectInputEvents = YES;
				INFOPLIST_KEY_UILaunchStoryboardName = LaunchScreen;
				INFOPLIST_KEY_UIMainStoryboardFile = Main;
				INFOPLIST_KEY_UISupportedInterfaceOrientations_iPad = "UIInterfaceOrientationPortrait UIInterfaceOrientationPortraitUpsideDown UIInterfaceOrientationLandscapeLeft UIInterfaceOrientationLandscapeRight";
				INFOPLIST_KEY_UISupportedInterfaceOrientations_iPhone = "UIInterfaceOrientationPortrait UIInterfaceOrientationLandscapeLeft UIInterfaceOrientationLandscapeRight";
				LD_RUNPATH_SEARCH_PATHS = (
					"$(inherited)",
					"@executable_path/Frameworks",
				);
				MARKETING_VERSION = 1.0;
				PRODUCT_BUNDLE_IDENTIFIER = MaximovNick.MyFavoritePlace;
				PRODUCT_NAME = "$(TARGET_NAME)";
				SWIFT_EMIT_LOC_STRINGS = YES;
				SWIFT_VERSION = 5.0;
				TARGETED_DEVICE_FAMILY = 1;
			};
			name = Debug;
		};
		AD99D0E828A950FE00EC93EC /* Release */ = {
			isa = XCBuildConfiguration;
			buildSettings = {
				ASSETCATALOG_COMPILER_APPICON_NAME = AppIcon;
				ASSETCATALOG_COMPILER_GLOBAL_ACCENT_COLOR_NAME = AccentColor;
				CODE_SIGN_STYLE = Automatic;
				CURRENT_PROJECT_VERSION = 1;
				DEVELOPMENT_TEAM = JPSP84G8W5;
				GENERATE_INFOPLIST_FILE = YES;
				INFOPLIST_FILE = "MyFavoritePlace/Support Files/Info.plist";
				INFOPLIST_KEY_UIApplicationSupportsIndirectInputEvents = YES;
				INFOPLIST_KEY_UILaunchStoryboardName = LaunchScreen;
				INFOPLIST_KEY_UIMainStoryboardFile = Main;
				INFOPLIST_KEY_UISupportedInterfaceOrientations_iPad = "UIInterfaceOrientationPortrait UIInterfaceOrientationPortraitUpsideDown UIInterfaceOrientationLandscapeLeft UIInterfaceOrientationLandscapeRight";
				INFOPLIST_KEY_UISupportedInterfaceOrientations_iPhone = "UIInterfaceOrientationPortrait UIInterfaceOrientationLandscapeLeft UIInterfaceOrientationLandscapeRight";
				LD_RUNPATH_SEARCH_PATHS = (
					"$(inherited)",
					"@executable_path/Frameworks",
				);
				MARKETING_VERSION = 1.0;
				PRODUCT_BUNDLE_IDENTIFIER = MaximovNick.MyFavoritePlace;
				PRODUCT_NAME = "$(TARGET_NAME)";
				SWIFT_EMIT_LOC_STRINGS = YES;
				SWIFT_VERSION = 5.0;
				TARGETED_DEVICE_FAMILY = 1;
			};
			name = Release;
		};
/* End XCBuildConfiguration section */

/* Begin XCConfigurationList section */
		AD99D0CD28A950FD00EC93EC /* Build configuration list for PBXProject "MyFavoritePlace" */ = {
			isa = XCConfigurationList;
			buildConfigurations = (
				AD99D0E428A950FE00EC93EC /* Debug */,
				AD99D0E528A950FE00EC93EC /* Release */,
			);
			defaultConfigurationIsVisible = 0;
			defaultConfigurationName = Release;
		};
		AD99D0E628A950FE00EC93EC /* Build configuration list for PBXNativeTarget "MyFavoritePlace" */ = {
			isa = XCConfigurationList;
			buildConfigurations = (
				AD99D0E728A950FE00EC93EC /* Debug */,
				AD99D0E828A950FE00EC93EC /* Release */,
			);
			defaultConfigurationIsVisible = 0;
			defaultConfigurationName = Release;
		};
/* End XCConfigurationList section */

/* Begin XCRemoteSwiftPackageReference section */
		ADF30C1B28AA7FEA00AA75B1 /* XCRemoteSwiftPackageReference "realm-swift" */ = {
			isa = XCRemoteSwiftPackageReference;
			repositoryURL = "https://github.com/realm/realm-swift.git";
			requirement = {
				branch = master;
				kind = branch;
			};
		};
/* End XCRemoteSwiftPackageReference section */

/* Begin XCSwiftPackageProductDependency section */
		ADF30C1C28AA7FEA00AA75B1 /* Realm */ = {
			isa = XCSwiftPackageProductDependency;
			package = ADF30C1B28AA7FEA00AA75B1 /* XCRemoteSwiftPackageReference "realm-swift" */;
			productName = Realm;
		};
		ADF30C1E28AA7FEA00AA75B1 /* RealmSwift */ = {
			isa = XCSwiftPackageProductDependency;
			package = ADF30C1B28AA7FEA00AA75B1 /* XCRemoteSwiftPackageReference "realm-swift" */;
			productName = RealmSwift;
		};
/* End XCSwiftPackageProductDependency section */
	};
	rootObject = AD99D0CA28A950FD00EC93EC /* Project object */;
}
